// !$*UTF8*$!
{
	archiveVersion = 1;
	classes = {
	};
	objectVersion = 46;
	objects = {

/* Begin PBXBuildFile section */
		FB58C2021E9CD06D00AE5531 /* main.m in Sources */ = {isa = PBXBuildFile; fileRef = FB58C2011E9CD06D00AE5531 /* main.m */; };
		FB58C2051E9CD06D00AE5531 /* AppDelegate.m in Sources */ = {isa = PBXBuildFile; fileRef = FB58C2041E9CD06D00AE5531 /* AppDelegate.m */; };
		FB58C2081E9CD06D00AE5531 /* ViewController.m in Sources */ = {isa = PBXBuildFile; fileRef = FB58C2071E9CD06D00AE5531 /* ViewController.m */; };
		FB58C20B1E9CD06D00AE5531 /* Main.storyboard in Resources */ = {isa = PBXBuildFile; fileRef = FB58C2091E9CD06D00AE5531 /* Main.storyboard */; };
		FB58C20D1E9CD06D00AE5531 /* Assets.xcassets in Resources */ = {isa = PBXBuildFile; fileRef = FB58C20C1E9CD06D00AE5531 /* Assets.xcassets */; };
		FB58C2101E9CD06D00AE5531 /* LaunchScreen.storyboard in Resources */ = {isa = PBXBuildFile; fileRef = FB58C20E1E9CD06D00AE5531 /* LaunchScreen.storyboard */; };
		FB58C2191E9CD10E00AE5531 /* JMWebViewController.m in Sources */ = {isa = PBXBuildFile; fileRef = FB58C2181E9CD10E00AE5531 /* JMWebViewController.m */; };
		FB58C21B1E9CD14700AE5531 /* new_file.html in Resources */ = {isa = PBXBuildFile; fileRef = FB58C21A1E9CD14700AE5531 /* new_file.html */; };
/* End PBXBuildFile section */

/* Begin PBXFileReference section */
		FB58C1FD1E9CD06D00AE5531 /* WKWebViewDemo.app */ = {isa = PBXFileReference; explicitFileType = wrapper.application; includeInIndex = 0; path = WKWebViewDemo.app; sourceTree = BUILT_PRODUCTS_DIR; };
		FB58C2011E9CD06D00AE5531 /* main.m */ = {isa = PBXFileReference; lastKnownFileType = sourcecode.c.objc; path = main.m; sourceTree = "<group>"; };
		FB58C2031E9CD06D00AE5531 /* AppDelegate.h */ = {isa = PBXFileReference; lastKnownFileType = sourcecode.c.h; path = AppDelegate.h; sourceTree = "<group>"; };
		FB58C2041E9CD06D00AE5531 /* AppDelegate.m */ = {isa = PBXFileReference; lastKnownFileType = sourcecode.c.objc; path = AppDelegate.m; sourceTree = "<group>"; };
		FB58C2061E9CD06D00AE5531 /* ViewController.h */ = {isa = PBXFileReference; lastKnownFileType = sourcecode.c.h; path = ViewController.h; sourceTree = "<group>"; };
		FB58C2071E9CD06D00AE5531 /* ViewController.m */ = {isa = PBXFileReference; lastKnownFileType = sourcecode.c.objc; path = ViewController.m; sourceTree = "<group>"; };
		FB58C20A1E9CD06D00AE5531 /* Base */ = {isa = PBXFileReference; lastKnownFileType = file.storyboard; name = Base; path = Base.lproj/Main.storyboard; sourceTree = "<group>"; };
		FB58C20C1E9CD06D00AE5531 /* Assets.xcassets */ = {isa = PBXFileReference; lastKnownFileType = folder.assetcatalog; path = Assets.xcassets; sourceTree = "<group>"; };
		FB58C20F1E9CD06D00AE5531 /* Base */ = {isa = PBXFileReference; lastKnownFileType = file.storyboard; name = Base; path = Base.lproj/LaunchScreen.storyboard; sourceTree = "<group>"; };
		FB58C2111E9CD06D00AE5531 /* Info.plist */ = {isa = PBXFileReference; lastKnownFileType = text.plist.xml; path = Info.plist; sourceTree = "<group>"; };
		FB58C2171E9CD10E00AE5531 /* JMWebViewController.h */ = {isa = PBXFileReference; fileEncoding = 4; lastKnownFileType = sourcecode.c.h; path = JMWebViewController.h; sourceTree = "<group>"; };
		FB58C2181E9CD10E00AE5531 /* JMWebViewController.m */ = {isa = PBXFileReference; fileEncoding = 4; lastKnownFileType = sourcecode.c.objc; path = JMWebViewController.m; sourceTree = "<group>"; };
		FB58C21A1E9CD14700AE5531 /* new_file.html */ = {isa = PBXFileReference; fileEncoding = 4; lastKnownFileType = text.html; path = new_file.html; sourceTree = "<group>"; };
/* End PBXFileReference section */

/* Begin PBXFrameworksBuildPhase section */
		FB58C1FA1E9CD06D00AE5531 /* Frameworks */ = {
			isa = PBXFrameworksBuildPhase;
			buildActionMask = 2147483647;
			files = (
			);
			runOnlyForDeploymentPostprocessing = 0;
		};
/* End PBXFrameworksBuildPhase section */

/* Begin PBXGroup section */
		FB58C1F41E9CD06D00AE5531 = {
			isa = PBXGroup;
			children = (
				FB58C1FF1E9CD06D00AE5531 /* WKWebViewDemo */,
				FB58C1FE1E9CD06D00AE5531 /* Products */,
			);
			sourceTree = "<group>";
		};
		FB58C1FE1E9CD06D00AE5531 /* Products */ = {
			isa = PBXGroup;
			children = (
				FB58C1FD1E9CD06D00AE5531 /* WKWebViewDemo.app */,
			);
			name = Products;
			sourceTree = "<group>";
		};
		FB58C1FF1E9CD06D00AE5531 /* WKWebViewDemo */ = {
			isa = PBXGroup;
			children = (
				FB58C2031E9CD06D00AE5531 /* AppDelegate.h */,
				FB58C2041E9CD06D00AE5531 /* AppDelegate.m */,
				FB58C2061E9CD06D00AE5531 /* ViewController.h */,
				FB58C2071E9CD06D00AE5531 /* ViewController.m */,
				FB58C2171E9CD10E00AE5531 /* JMWebViewController.h */,
				FB58C2181E9CD10E00AE5531 /* JMWebViewController.m */,
				FB58C21A1E9CD14700AE5531 /* new_file.html */,
				FB58C2091E9CD06D00AE5531 /* Main.storyboard */,
				FB58C20C1E9CD06D00AE5531 /* Assets.xcassets */,
				FB58C20E1E9CD06D00AE5531 /* LaunchScreen.storyboard */,
				FB58C2111E9CD06D00AE5531 /* Info.plist */,
				FB58C2001E9CD06D00AE5531 /* Supporting Files */,
			);
			path = WKWebViewDemo;
			sourceTree = "<group>";
		};
		FB58C2001E9CD06D00AE5531 /* Supporting Files */ = {
			isa = PBXGroup;
			children = (
				FB58C2011E9CD06D00AE5531 /* main.m */,
			);
			name = "Supporting Files";
			sourceTree = "<group>";
		};
/* End PBXGroup section */

/* Begin PBXNativeTarget section */
		FB58C1FC1E9CD06D00AE5531 /* WKWebViewDemo */ = {
			isa = PBXNativeTarget;
			buildConfigurationList = FB58C2141E9CD06D00AE5531 /* Build configuration list for PBXNativeTarget "WKWebViewDemo" */;
			buildPhases = (
				FB58C1F91E9CD06D00AE5531 /* Sources */,
				FB58C1FA1E9CD06D00AE5531 /* Frameworks */,
				FB58C1FB1E9CD06D00AE5531 /* Resources */,
			);
			buildRules = (
			);
			dependencies = (
			);
			name = WKWebViewDemo;
			productName = WKWebViewDemo;
			productReference = FB58C1FD1E9CD06D00AE5531 /* WKWebViewDemo.app */;
			productType = "com.apple.product-type.application";
		};
/* End PBXNativeTarget section */

/* Begin PBXProject section */
		FB58C1F51E9CD06D00AE5531 /* Project object */ = {
			isa = PBXProject;
			attributes = {
				LastUpgradeCheck = 0830;
				ORGANIZATIONNAME = zx;
				TargetAttributes = {
					FB58C1FC1E9CD06D00AE5531 = {
						CreatedOnToolsVersion = 8.3;
						ProvisioningStyle = Automatic;
					};
				};
			};
			buildConfigurationList = FB58C1F81E9CD06D00AE5531 /* Build configuration list for PBXProject "WKWebViewDemo" */;
			compatibilityVersion = "Xcode 3.2";
			developmentRegion = English;
			hasScannedForEncodings = 0;
			knownRegions = (
				en,
				Base,
			);
			mainGroup = FB58C1F41E9CD06D00AE5531;
			productRefGroup = FB58C1FE1E9CD06D00AE5531 /* Products */;
			projectDirPath = "";
			projectRoot = "";
			targets = (
				FB58C1FC1E9CD06D00AE5531 /* WKWebViewDemo */,
			);
		};
/* End PBXProject section */

/* Begin PBXResourcesBuildPhase section */
		FB58C1FB1E9CD06D00AE5531 /* Resources */ = {
			isa = PBXResourcesBuildPhase;
			buildActionMask = 2147483647;
			files = (
				FB58C2101E9CD06D00AE5531 /* LaunchScreen.storyboard in Resources */,
				FB58C21B1E9CD14700AE5531 /* new_file.html in Resources */,
				FB58C20D1E9CD06D00AE5531 /* Assets.xcassets in Resources */,
				FB58C20B1E9CD06D00AE5531 /* Main.storyboard in Resources */,
			);
			runOnlyForDeploymentPostprocessing = 0;
		};
/* End PBXResourcesBuildPhase section */

/* Begin PBXSourcesBuildPhase section */
		FB58C1F91E9CD06D00AE5531 /* Sources */ = {
			isa = PBXSourcesBuildPhase;
			buildActionMask = 2147483647;
			files = (
				FB58C2191E9CD10E00AE5531 /* JMWebViewController.m in Sources */,
				FB58C2081E9CD06D00AE5531 /* ViewController.m in Sources */,
				FB58C2051E9CD06D00AE5531 /* AppDelegate.m in Sources */,
				FB58C2021E9CD06D00AE5531 /* main.m in Sources */,
			);
			runOnlyForDeploymentPostprocessing = 0;
		};
/* End PBXSourcesBuildPhase section */

/* Begin PBXVariantGroup section */
		FB58C2091E9CD06D00AE5531 /* Main.storyboard */ = {
			isa = PBXVariantGroup;
			children = (
				FB58C20A1E9CD06D00AE5531 /* Base */,
			);
			name = Main.storyboard;
			sourceTree = "<group>";
		};
		FB58C20E1E9CD06D00AE5531 /* LaunchScreen.storyboard */ = {
			isa = PBXVariantGroup;
			children = (
				FB58C20F1E9CD06D00AE5531 /* Base */,
			);
			name = LaunchScreen.storyboard;
			sourceTree = "<group>";
		};
/* End PBXVariantGroup section */

/* Begin XCBuildConfiguration section */
		FB58C2121E9CD06D00AE5531 /* Debug */ = {
			isa = XCBuildConfiguration;
			buildSettings = {
				ALWAYS_SEARCH_USER_PATHS = NO;
				CLANG_ANALYZER_NONNULL = YES;
				CLANG_ANALYZER_NUMBER_OBJECT_CONVERSION = YES_AGGRESSIVE;
				CLANG_CXX_LANGUAGE_STANDARD = "gnu++0x";
				CLANG_CXX_LIBRARY = "libc++";
				CLANG_ENABLE_MODULES = YES;
				CLANG_ENABLE_OBJC_ARC = YES;
				CLANG_WARN_BOOL_CONVERSION = YES;
				CLANG_WARN_CONSTANT_CONVERSION = YES;
				CLANG_WARN_DIRECT_OBJC_ISA_USAGE = YES_ERROR;
				CLANG_WARN_DOCUMENTATION_COMMENTS = YES;
				CLANG_WARN_EMPTY_BODY = YES;
				CLANG_WARN_ENUM_CONVERSION = YES;
				CLANG_WARN_INFINITE_RECURSION = YES;
				CLANG_WARN_INT_CONVERSION = YES;
				CLANG_WARN_OBJC_ROOT_CLASS = YES_ERROR;
				CLANG_WARN_SUSPICIOUS_MOVE = YES;
				CLANG_WARN_UNREACHABLE_CODE = YES;
				CLANG_WARN__DUPLICATE_METHOD_MATCH = YES;
				"CODE_SIGN_IDENTITY[sdk=iphoneos*]" = "iPhone Developer";
				COPY_PHASE_STRIP = NO;
				DEBUG_INFORMATION_FORMAT = dwarf;
				ENABLE_STRICT_OBJC_MSGSEND = YES;
				ENABLE_TESTABILITY = YES;
				GCC_C_LANGUAGE_STANDARD = gnu99;
				GCC_DYNAMIC_NO_PIC = NO;
				GCC_NO_COMMON_BLOCKS = YES;
				GCC_OPTIMIZATION_LEVEL = 0;
				GCC_PREPROCESSOR_DEFINITIONS = (
					"DEBUG=1",
					"$(inherited)",
				);
				GCC_WARN_64_TO_32_BIT_CONVERSION = YES;
				GCC_WARN_ABOUT_RETURN_TYPE = YES_ERROR;
				GCC_WARN_UNDECLARED_SELECTOR = YES;
				GCC_WARN_UNINITIALIZED_AUTOS = YES_AGGRESSIVE;
				GCC_WARN_UNUSED_FUNCTION = YES;
				GCC_WARN_UNUSED_VARIABLE = YES;
				IPHONEOS_DEPLOYMENT_TARGET = 10.3;
				MTL_ENABLE_DEBUG_INFO = YES;
				ONLY_ACTIVE_ARCH = YES;
				SDKROOT = iphoneos;
				TARGETED_DEVICE_FAMILY = "1,2";
			};
			name = Debug;
		};
		FB58C2131E9CD06D00AE5531 /* Release */ = {
			isa = XCBuildConfiguration;
			buildSettings = {
				ALWAYS_SEARCH_USER_PATHS = NO;
				CLANG_ANALYZER_NONNULL = YES;
				CLANG_ANALYZER_NUMBER_OBJECT_CONVERSION = YES_AGGRESSIVE;
				CLANG_CXX_LANGUAGE_STANDARD = "gnu++0x";
				CLANG_CXX_LIBRARY = "libc++";
				CLANG_ENABLE_MODULES = YES;
				CLANG_ENABLE_OBJC_ARC = YES;
				CLANG_WARN_BOOL_CONVERSION = YES;
				CLANG_WARN_CONSTANT_CONVERSION = YES;
				CLANG_WARN_DIRECT_OBJC_ISA_USAGE = YES_ERROR;
				CLANG_WARN_DOCUMENTATION_COMMENTS = YES;
				CLANG_WARN_EMPTY_BODY = YES;
				CLANG_WARN_ENUM_CONVERSION = YES;
				CLANG_WARN_INFINITE_RECURSION = YES;
				CLANG_WARN_INT_CONVERSION = YES;
				CLANG_WARN_OBJC_ROOT_CLASS = YES_ERROR;
				CLANG_WARN_SUSPICIOUS_MOVE = YES;
				CLANG_WARN_UNREACHABLE_CODE = YES;
				CLANG_WARN__DUPLICATE_METHOD_MATCH = YES;
				"CODE_SIGN_IDENTITY[sdk=iphoneos*]" = "iPhone Developer";
				COPY_PHASE_STRIP = NO;
				DEBUG_INFORMATION_FORMAT = "dwarf-with-dsym";
				ENABLE_NS_ASSERTIONS = NO;
				ENABLE_STRICT_OBJC_MSGSEND = YES;
				GCC_C_LANGUAGE_STANDARD = gnu99;
				GCC_NO_COMMON_BLOCKS = YES;
				GCC_WARN_64_TO_32_BIT_CONVERSION = YES;
				GCC_WARN_ABOUT_RETURN_TYPE = YES_ERROR;
				GCC_WARN_UNDECLARED_SELECTOR = YES;
				GCC_WARN_UNINITIALIZED_AUTOS = YES_AGGRESSIVE;
				GCC_WARN_UNUSED_FUNCTION = YES;
				GCC_WARN_UNUSED_VARIABLE = YES;
				IPHONEOS_DEPLOYMENT_TARGET = 10.3;
				MTL_ENABLE_DEBUG_INFO = NO;
				SDKROOT = iphoneos;
				TARGETED_DEVICE_FAMILY = "1,2";
				VALIDATE_PRODUCT = YES;
			};
			name = Release;
		};
		FB58C2151E9CD06D00AE5531 /* Debug */ = {
			isa = XCBuildConfiguration;
			buildSettings = {
				ASSETCATALOG_COMPILER_APPICON_NAME = AppIcon;
				INFOPLIST_FILE = WKWebViewDemo/Info.plist;
				LD_RUNPATH_SEARCH_PATHS = "$(inherited) @executable_path/Frameworks";
				PRODUCT_BUNDLE_IDENTIFIER = "-.WKWebViewDemo";
				PRODUCT_NAME = "$(TARGET_NAME)";
			};
			name = Debug;
		};
		FB58C2161E9CD06D00AE5531 /* Release */ = {
			isa = XCBuildConfiguration;
			buildSettings = {
				ASSETCATALOG_COMPILER_APPICON_NAME = AppIcon;
				INFOPLIST_FILE = WKWebViewDemo/Info.plist;
				LD_RUNPATH_SEARCH_PATHS = "$(inherited) @executable_path/Frameworks";
				PRODUCT_BUNDLE_IDENTIFIER = "-.WKWebViewDemo";
				PRODUCT_NAME = "$(TARGET_NAME)";
			};
			name = Release;
		};
/* End XCBuildConfiguration section */

/* Begin XCConfigurationList section */
		FB58C1F81E9CD06D00AE5531 /* Build configuration list for PBXProject "WKWebViewDemo" */ = {
			isa = XCConfigurationList;
			buildConfigurations = (
				FB58C2121E9CD06D00AE5531 /* Debug */,
				FB58C2131E9CD06D00AE5531 /* Release */,
			);
			defaultConfigurationIsVisible = 0;
			defaultConfigurationName = Release;
		};
		FB58C2141E9CD06D00AE5531 /* Build configuration list for PBXNativeTarget "WKWebViewDemo" */ = {
			isa = XCConfigurationList;
			buildConfigurations = (
				FB58C2151E9CD06D00AE5531 /* Debug */,
				FB58C2161E9CD06D00AE5531 /* Release */,
			);
			defaultConfigurationIsVisible = 0;
		};
/* End XCConfigurationList section */
	};
	rootObject = FB58C1F51E9CD06D00AE5531 /* Project object */;
}
